
Microsoft Visual Studio Solution File, Format Version 12.00
# Visual Studio Version 17
VisualStudioVersion = 17.2.32516.85
MinimumVisualStudioVersion = 10.0.40219.1
Project("{9A19103F-16F7-4668-BE54-9A1E7A4F7556}") = "chat-app-server", "chat-app-server\chat-app-server.csproj", "{0A81A7A0-7833-40C7-B827-4404544CF338}"
EndProject
Project("{2150E333-8FDC-42A3-9474-1A3956D46DE8}") = "Solution Items", "Solution Items", "{F97B3067-18C5-4088-90B0-44902359F955}"
	ProjectSection(SolutionItems) = preProject
		.editorconfig = .editorconfig
	EndProjectSection
EndProject
Project("{9A19103F-16F7-4668-BE54-9A1E7A4F7556}") = "ChatAppWebApi", "ChatAppWebApi\ChatAppWebApi.csproj", "{535B25A8-7615-454B-9AB8-69D2CAC982ED}"
EndProject
Global
	GlobalSection(SolutionConfigurationPlatforms) = preSolution
		Debug|Any CPU = Debug|Any CPU
		Release|Any CPU = Release|Any CPU
	EndGlobalSection
	GlobalSection(ProjectConfigurationPlatforms) = postSolution
		{0A81A7A0-7833-40C7-B827-4404544CF338}.Debug|Any CPU.ActiveCfg = Debug|Any CPU
		{0A81A7A0-7833-40C7-B827-4404544CF338}.Debug|Any CPU.Build.0 = Debug|Any CPU
		{0A81A7A0-7833-40C7-B827-4404544CF338}.Release|Any CPU.ActiveCfg = Release|Any CPU
		{0A81A7A0-7833-40C7-B827-4404544CF338}.Release|Any CPU.Build.0 = Release|Any CPU
		{535B25A8-7615-454B-9AB8-69D2CAC982ED}.Debug|Any CPU.ActiveCfg = Debug|Any CPU
		{535B25A8-7615-454B-9AB8-69D2CAC982ED}.Debug|Any CPU.Build.0 = Debug|Any CPU
		{535B25A8-7615-454B-9AB8-69D2CAC982ED}.Release|Any CPU.ActiveCfg = Release|Any CPU
		{535B25A8-7615-454B-9AB8-69D2CAC982ED}.Release|Any CPU.Build.0 = Release|Any CPU
	EndGlobalSection
	GlobalSection(SolutionProperties) = preSolution
		HideSolutionNode = FALSE
	EndGlobalSection
	GlobalSection(ExtensibilityGlobals) = postSolution
		SolutionGuid = {3DB54114-BD86-4CEE-968E-702A3C05B7A0}
	EndGlobalSection
EndGlobal
